{
    "_readme": [
        "This file locks the dependencies of your project to a known state",
        "Read more about it at https://getcomposer.org/doc/01-basic-usage.md#composer-lock-the-lock-file",
        "This file is @generated automatically"
    ],
    "hash": "53f15710c9e65af87d4b5b9223dd370c",
    "content-hash": "728fd90d6439b33e305e803dbb678149",
    "packages": [
        {
            "name": "brick/math",
            "version": "0.5.4",
            "source": {
                "type": "git",
                "url": "https://github.com/brick/math.git",
                "reference": "b44a78b01cb79aa4bf17de46a45db968b6958bda"
            },
            "dist": {
                "type": "zip",
                "url": "https://api.github.com/repos/brick/math/zipball/b44a78b01cb79aa4bf17de46a45db968b6958bda",
                "reference": "b44a78b01cb79aa4bf17de46a45db968b6958bda",
                "shasum": ""
            },
            "require": {
                "php": ">=5.6"
            },
            "require-dev": {
                "phpunit/phpunit": "*",
                "satooshi/php-coveralls": "dev-master"
            },
            "type": "library",
            "autoload": {
                "psr-4": {
                    "Brick\\Math\\": "src/",
                    "Brick\\Math\\Tests\\": "tests/"
                }
            },
            "notification-url": "https://packagist.org/downloads/",
            "license": [
                "MIT"
            ],
            "description": "Arbitrary-precision arithmetic library",
            "keywords": [
                "Arbitrary-precision",
                "BigInteger",
                "BigRational",
                "arithmetic",
                "bigdecimal",
                "brick",
                "math"
            ],
            "time": "2016-10-17 22:08:04"
        }
    ],
    "packages-dev": [],
    "aliases": [],
    "minimum-stability": "stable",
    "stability-flags": [],
    "prefer-stable": false,
    "prefer-lowest": false,
    "platform": [],
    "platform-dev": []
}
